// !$*UTF8*$!
{
	archiveVersion = 1;
	classes = {
	};
	objectVersion = 55;
	objects = {

/* Begin PBXBuildFile section */
		D060F4E028BB93E10018A10D /* InfoView.swift in Sources */ = {isa = PBXBuildFile; fileRef = D060F4DF28BB93E10018A10D /* InfoView.swift */; };
		D060F4E328BB9DCE0018A10D /* WelcomeView.swift in Sources */ = {isa = PBXBuildFile; fileRef = D060F4E228BB9DCE0018A10D /* WelcomeView.swift */; };
		D0A66CE728BA419C000D7443 /* Localizable.strings in Resources */ = {isa = PBXBuildFile; fileRef = D0A66CE928BA419C000D7443 /* Localizable.strings */; };
		D0A66CF228BA4C1C000D7443 /* MusicHistoryTests.swift in Sources */ = {isa = PBXBuildFile; fileRef = D0A66CF128BA4C1C000D7443 /* MusicHistoryTests.swift */; };
		D0B1A8D328B5F5CF0009763D /* SearchView.swift in Sources */ = {isa = PBXBuildFile; fileRef = D0B1A8D228B5F5CF0009763D /* SearchView.swift */; };
		D0B1A8D528B5F6830009763D /* ItunesJson.swift in Sources */ = {isa = PBXBuildFile; fileRef = D0B1A8D428B5F6830009763D /* ItunesJson.swift */; };
		D0B1A8D728B5F7890009763D /* SearchViewModel.swift in Sources */ = {isa = PBXBuildFile; fileRef = D0B1A8D628B5F7890009763D /* SearchViewModel.swift */; };
		D0B1A8D928B5F8EA0009763D /* SearchCellView.swift in Sources */ = {isa = PBXBuildFile; fileRef = D0B1A8D828B5F8EA0009763D /* SearchCellView.swift */; };
		D0CEE42D28B20775008FB44D /* MainCellView.swift in Sources */ = {isa = PBXBuildFile; fileRef = D0CEE42C28B20775008FB44D /* MainCellView.swift */; };
		D0DAA35E28B109E6005D1420 /* MainView.swift in Sources */ = {isa = PBXBuildFile; fileRef = D0DAA35D28B109E6005D1420 /* MainView.swift */; };
		D0DAA36328B10A7D005D1420 /* MainViewViewModel.swift in Sources */ = {isa = PBXBuildFile; fileRef = D0DAA36228B10A7D005D1420 /* MainViewViewModel.swift */; };
		D0DAA36828B10C7F005D1420 /* Artist.swift in Sources */ = {isa = PBXBuildFile; fileRef = D0DAA36728B10C7F005D1420 /* Artist.swift */; };
		D0DC0D1C28B11B0A00B8E832 /* ArtistJSON.json in Resources */ = {isa = PBXBuildFile; fileRef = D0DC0D1B28B11B0A00B8E832 /* ArtistJSON.json */; };
		D0DC0D1E28B11DFB00B8E832 /* LocalJsonModel.swift in Sources */ = {isa = PBXBuildFile; fileRef = D0DC0D1D28B11DFB00B8E832 /* LocalJsonModel.swift */; };
		EC424B78285B2A920092B071 /* README.md in Resources */ = {isa = PBXBuildFile; fileRef = EC424B77285B2A920092B071 /* README.md */; };
		EC7ADED3285B1D9800F45B1A /* ThousandAlbumsApp.swift in Sources */ = {isa = PBXBuildFile; fileRef = EC7ADED2285B1D9800F45B1A /* ThousandAlbumsApp.swift */; };
		EC7ADED7285B1D9900F45B1A /* Assets.xcassets in Resources */ = {isa = PBXBuildFile; fileRef = EC7ADED6285B1D9900F45B1A /* Assets.xcassets */; };
		EC7ADEDA285B1D9900F45B1A /* Preview Assets.xcassets in Resources */ = {isa = PBXBuildFile; fileRef = EC7ADED9285B1D9900F45B1A /* Preview Assets.xcassets */; };
/* End PBXBuildFile section */

/* Begin PBXContainerItemProxy section */
		D0A66CF328BA4C1C000D7443 /* PBXContainerItemProxy */ = {
			isa = PBXContainerItemProxy;
			containerPortal = EC7ADEC7285B1D9800F45B1A /* Project object */;
			proxyType = 1;
			remoteGlobalIDString = EC7ADECE285B1D9800F45B1A;
			remoteInfo = MusicHistory;
		};
/* End PBXContainerItemProxy section */

/* Begin PBXFileReference section */
		D060F4DF28BB93E10018A10D /* InfoView.swift */ = {isa = PBXFileReference; lastKnownFileType = sourcecode.swift; path = InfoView.swift; sourceTree = "<group>"; };
		D060F4E228BB9DCE0018A10D /* WelcomeView.swift */ = {isa = PBXFileReference; lastKnownFileType = sourcecode.swift; path = WelcomeView.swift; sourceTree = "<group>"; };
		D08EEBF728B78AD200824E57 /* MusicHistory.entitlements */ = {isa = PBXFileReference; lastKnownFileType = text.plist.entitlements; path = MusicHistory.entitlements; sourceTree = "<group>"; };
		D0A66CE828BA419C000D7443 /* en */ = {isa = PBXFileReference; lastKnownFileType = text.plist.strings; name = en; path = en.lproj/Localizable.strings; sourceTree = "<group>"; };
		D0A66CEA28BA41AF000D7443 /* ru */ = {isa = PBXFileReference; lastKnownFileType = text.plist.strings; name = ru; path = ru.lproj/Localizable.strings; sourceTree = "<group>"; };
		D0A66CEF28BA4C1C000D7443 /* MusicHistoryTests.xctest */ = {isa = PBXFileReference; explicitFileType = wrapper.cfbundle; includeInIndex = 0; path = MusicHistoryTests.xctest; sourceTree = BUILT_PRODUCTS_DIR; };
		D0A66CF128BA4C1C000D7443 /* MusicHistoryTests.swift */ = {isa = PBXFileReference; lastKnownFileType = sourcecode.swift; path = MusicHistoryTests.swift; sourceTree = "<group>"; };
		D0B1A8D228B5F5CF0009763D /* SearchView.swift */ = {isa = PBXFileReference; lastKnownFileType = sourcecode.swift; path = SearchView.swift; sourceTree = "<group>"; };
		D0B1A8D428B5F6830009763D /* ItunesJson.swift */ = {isa = PBXFileReference; lastKnownFileType = sourcecode.swift; path = ItunesJson.swift; sourceTree = "<group>"; };
		D0B1A8D628B5F7890009763D /* SearchViewModel.swift */ = {isa = PBXFileReference; lastKnownFileType = sourcecode.swift; path = SearchViewModel.swift; sourceTree = "<group>"; };
		D0B1A8D828B5F8EA0009763D /* SearchCellView.swift */ = {isa = PBXFileReference; lastKnownFileType = sourcecode.swift; path = SearchCellView.swift; sourceTree = "<group>"; };
		D0CEE42C28B20775008FB44D /* MainCellView.swift */ = {isa = PBXFileReference; lastKnownFileType = sourcecode.swift; path = MainCellView.swift; sourceTree = "<group>"; };
		D0DAA35D28B109E6005D1420 /* MainView.swift */ = {isa = PBXFileReference; lastKnownFileType = sourcecode.swift; path = MainView.swift; sourceTree = "<group>"; };
		D0DAA36228B10A7D005D1420 /* MainViewViewModel.swift */ = {isa = PBXFileReference; lastKnownFileType = sourcecode.swift; path = MainViewViewModel.swift; sourceTree = "<group>"; };
		D0DAA36728B10C7F005D1420 /* Artist.swift */ = {isa = PBXFileReference; lastKnownFileType = sourcecode.swift; path = Artist.swift; sourceTree = "<group>"; };
		D0DC0D1B28B11B0A00B8E832 /* ArtistJSON.json */ = {isa = PBXFileReference; fileEncoding = 4; lastKnownFileType = text.json; path = ArtistJSON.json; sourceTree = "<group>"; };
		D0DC0D1D28B11DFB00B8E832 /* LocalJsonModel.swift */ = {isa = PBXFileReference; lastKnownFileType = sourcecode.swift; path = LocalJsonModel.swift; sourceTree = "<group>"; };
		EC424B77285B2A920092B071 /* README.md */ = {isa = PBXFileReference; fileEncoding = 4; lastKnownFileType = net.daringfireball.markdown; path = README.md; sourceTree = "<group>"; xcLanguageSpecificationIdentifier = xcode.lang.markdown; };
		EC7ADECF285B1D9800F45B1A /* Music History.app */ = {isa = PBXFileReference; explicitFileType = wrapper.application; includeInIndex = 0; path = "Music History.app"; sourceTree = BUILT_PRODUCTS_DIR; };
		EC7ADED2285B1D9800F45B1A /* ThousandAlbumsApp.swift */ = {isa = PBXFileReference; lastKnownFileType = sourcecode.swift; path = ThousandAlbumsApp.swift; sourceTree = "<group>"; };
		EC7ADED6285B1D9900F45B1A /* Assets.xcassets */ = {isa = PBXFileReference; lastKnownFileType = folder.assetcatalog; path = Assets.xcassets; sourceTree = "<group>"; };
		EC7ADED9285B1D9900F45B1A /* Preview Assets.xcassets */ = {isa = PBXFileReference; lastKnownFileType = folder.assetcatalog; path = "Preview Assets.xcassets"; sourceTree = "<group>"; };
/* End PBXFileReference section */

/* Begin PBXFrameworksBuildPhase section */
		D0A66CEC28BA4C1C000D7443 /* Frameworks */ = {
			isa = PBXFrameworksBuildPhase;
			buildActionMask = 2147483647;
			files = (
			);
			runOnlyForDeploymentPostprocessing = 0;
		};
		EC7ADECC285B1D9800F45B1A /* Frameworks */ = {
			isa = PBXFrameworksBuildPhase;
			buildActionMask = 2147483647;
			files = (
			);
			runOnlyForDeploymentPostprocessing = 0;
		};
/* End PBXFrameworksBuildPhase section */

/* Begin PBXGroup section */
		D04ACDB928B69E5D009844F6 /* MainView */ = {
			isa = PBXGroup;
			children = (
				D0DAA35D28B109E6005D1420 /* MainView.swift */,
				D0CEE42C28B20775008FB44D /* MainCellView.swift */,
			);
			path = MainView;
			sourceTree = "<group>";
		};
		D04ACDBA28B69E6A009844F6 /* SearchView */ = {
			isa = PBXGroup;
			children = (
				D0B1A8D828B5F8EA0009763D /* SearchCellView.swift */,
				D0B1A8D228B5F5CF0009763D /* SearchView.swift */,
			);
			path = SearchView;
			sourceTree = "<group>";
		};
		D060F4E128BB9D3B0018A10D /* AdditionalViews */ = {
			isa = PBXGroup;
			children = (
				D060F4DF28BB93E10018A10D /* InfoView.swift */,
				D060F4E228BB9DCE0018A10D /* WelcomeView.swift */,
			);
			path = AdditionalViews;
			sourceTree = "<group>";
		};
		D0A66CF028BA4C1C000D7443 /* MusicHistoryTests */ = {
			isa = PBXGroup;
			children = (
				D0A66CF128BA4C1C000D7443 /* MusicHistoryTests.swift */,
			);
			path = MusicHistoryTests;
			sourceTree = "<group>";
		};
		D0DAA35C28B109B8005D1420 /* v2 */ = {
			isa = PBXGroup;
			children = (
				D0DAA36128B10A64005D1420 /* Model */,
				D0DAA36028B10A3E005D1420 /* ViewModel */,
				D0DAA35F28B10A08005D1420 /* View */,
			);
			path = v2;
			sourceTree = "<group>";
		};
		D0DAA35F28B10A08005D1420 /* View */ = {
			isa = PBXGroup;
			children = (
				D060F4E128BB9D3B0018A10D /* AdditionalViews */,
				D04ACDBA28B69E6A009844F6 /* SearchView */,
				D04ACDB928B69E5D009844F6 /* MainView */,
			);
			path = View;
			sourceTree = "<group>";
		};
		D0DAA36028B10A3E005D1420 /* ViewModel */ = {
			isa = PBXGroup;
			children = (
				D0DAA36228B10A7D005D1420 /* MainViewViewModel.swift */,
				D0B1A8D628B5F7890009763D /* SearchViewModel.swift */,
			);
			path = ViewModel;
			sourceTree = "<group>";
		};
		D0DAA36128B10A64005D1420 /* Model */ = {
			isa = PBXGroup;
			children = (
				D0DC0D1B28B11B0A00B8E832 /* ArtistJSON.json */,
				D0DAA36728B10C7F005D1420 /* Artist.swift */,
				D0DC0D1D28B11DFB00B8E832 /* LocalJsonModel.swift */,
				D0B1A8D428B5F6830009763D /* ItunesJson.swift */,
				D0A66CE928BA419C000D7443 /* Localizable.strings */,
			);
			path = Model;
			sourceTree = "<group>";
		};
		EC7ADEC6285B1D9800F45B1A = {
			isa = PBXGroup;
			children = (
				EC424B77285B2A920092B071 /* README.md */,
				EC7ADED1285B1D9800F45B1A /* MusicHistory */,
				D0A66CF028BA4C1C000D7443 /* MusicHistoryTests */,
				EC7ADED0285B1D9800F45B1A /* Products */,
			);
			sourceTree = "<group>";
		};
		EC7ADED0285B1D9800F45B1A /* Products */ = {
			isa = PBXGroup;
			children = (
				EC7ADECF285B1D9800F45B1A /* Music History.app */,
				D0A66CEF28BA4C1C000D7443 /* MusicHistoryTests.xctest */,
			);
			name = Products;
			sourceTree = "<group>";
		};
		EC7ADED1285B1D9800F45B1A /* MusicHistory */ = {
			isa = PBXGroup;
			children = (
				D08EEBF728B78AD200824E57 /* MusicHistory.entitlements */,
				EC7ADED2285B1D9800F45B1A /* ThousandAlbumsApp.swift */,
				D0DAA35C28B109B8005D1420 /* v2 */,
				EC7ADED6285B1D9900F45B1A /* Assets.xcassets */,
				EC7ADED8285B1D9900F45B1A /* Preview Content */,
			);
			path = MusicHistory;
			sourceTree = "<group>";
		};
		EC7ADED8285B1D9900F45B1A /* Preview Content */ = {
			isa = PBXGroup;
			children = (
				EC7ADED9285B1D9900F45B1A /* Preview Assets.xcassets */,
			);
			path = "Preview Content";
			sourceTree = "<group>";
		};
/* End PBXGroup section */

/* Begin PBXNativeTarget section */
		D0A66CEE28BA4C1C000D7443 /* MusicHistoryTests */ = {
			isa = PBXNativeTarget;
			buildConfigurationList = D0A66CF528BA4C1C000D7443 /* Build configuration list for PBXNativeTarget "MusicHistoryTests" */;
			buildPhases = (
				D0A66CEB28BA4C1C000D7443 /* Sources */,
				D0A66CEC28BA4C1C000D7443 /* Frameworks */,
				D0A66CED28BA4C1C000D7443 /* Resources */,
			);
			buildRules = (
			);
			dependencies = (
				D0A66CF428BA4C1C000D7443 /* PBXTargetDependency */,
			);
			name = MusicHistoryTests;
			productName = MusicHistoryTests;
			productReference = D0A66CEF28BA4C1C000D7443 /* MusicHistoryTests.xctest */;
			productType = "com.apple.product-type.bundle.unit-test";
		};
		EC7ADECE285B1D9800F45B1A /* MusicHistory */ = {
			isa = PBXNativeTarget;
			buildConfigurationList = EC7ADEDD285B1D9900F45B1A /* Build configuration list for PBXNativeTarget "MusicHistory" */;
			buildPhases = (
				EC7ADECB285B1D9800F45B1A /* Sources */,
				EC7ADECC285B1D9800F45B1A /* Frameworks */,
				EC7ADECD285B1D9800F45B1A /* Resources */,
			);
			buildRules = (
			);
			dependencies = (
			);
			name = MusicHistory;
			packageProductDependencies = (
			);
			productName = "1001 Albums";
			productReference = EC7ADECF285B1D9800F45B1A /* Music History.app */;
			productType = "com.apple.product-type.application";
		};
/* End PBXNativeTarget section */

/* Begin PBXProject section */
		EC7ADEC7285B1D9800F45B1A /* Project object */ = {
			isa = PBXProject;
			attributes = {
				BuildIndependentTargetsInParallel = 1;
				LastSwiftUpdateCheck = 1340;
				LastUpgradeCheck = 1400;
				TargetAttributes = {
					D0A66CEE28BA4C1C000D7443 = {
						CreatedOnToolsVersion = 13.4.1;
						TestTargetID = EC7ADECE285B1D9800F45B1A;
					};
					EC7ADECE285B1D9800F45B1A = {
						CreatedOnToolsVersion = 14.0;
					};
				};
			};
			buildConfigurationList = EC7ADECA285B1D9800F45B1A /* Build configuration list for PBXProject "MusicHistory" */;
			compatibilityVersion = "Xcode 13.0";
			developmentRegion = en;
			hasScannedForEncodings = 0;
			knownRegions = (
				en,
				Base,
				ru,
			);
			mainGroup = EC7ADEC6285B1D9800F45B1A;
			packageReferences = (
			);
			productRefGroup = EC7ADED0285B1D9800F45B1A /* Products */;
			projectDirPath = "";
			projectRoot = "";
			targets = (
				EC7ADECE285B1D9800F45B1A /* MusicHistory */,
				D0A66CEE28BA4C1C000D7443 /* MusicHistoryTests */,
			);
		};
/* End PBXProject section */

/* Begin PBXResourcesBuildPhase section */
		D0A66CED28BA4C1C000D7443 /* Resources */ = {
			isa = PBXResourcesBuildPhase;
			buildActionMask = 2147483647;
			files = (
			);
			runOnlyForDeploymentPostprocessing = 0;
		};
		EC7ADECD285B1D9800F45B1A /* Resources */ = {
			isa = PBXResourcesBuildPhase;
			buildActionMask = 2147483647;
			files = (
				D0A66CE728BA419C000D7443 /* Localizable.strings in Resources */,
				EC424B78285B2A920092B071 /* README.md in Resources */,
				EC7ADEDA285B1D9900F45B1A /* Preview Assets.xcassets in Resources */,
				EC7ADED7285B1D9900F45B1A /* Assets.xcassets in Resources */,
				D0DC0D1C28B11B0A00B8E832 /* ArtistJSON.json in Resources */,
			);
			runOnlyForDeploymentPostprocessing = 0;
		};
/* End PBXResourcesBuildPhase section */

/* Begin PBXSourcesBuildPhase section */
		D0A66CEB28BA4C1C000D7443 /* Sources */ = {
			isa = PBXSourcesBuildPhase;
			buildActionMask = 2147483647;
			files = (
				D0A66CF228BA4C1C000D7443 /* MusicHistoryTests.swift in Sources */,
			);
			runOnlyForDeploymentPostprocessing = 0;
		};
		EC7ADECB285B1D9800F45B1A /* Sources */ = {
			isa = PBXSourcesBuildPhase;
			buildActionMask = 2147483647;
			files = (
				D0CEE42D28B20775008FB44D /* MainCellView.swift in Sources */,
				D0DAA35E28B109E6005D1420 /* MainView.swift in Sources */,
				D0B1A8D928B5F8EA0009763D /* SearchCellView.swift in Sources */,
				D0B1A8D528B5F6830009763D /* ItunesJson.swift in Sources */,
				D0DC0D1E28B11DFB00B8E832 /* LocalJsonModel.swift in Sources */,
				D0B1A8D328B5F5CF0009763D /* SearchView.swift in Sources */,
				D060F4E028BB93E10018A10D /* InfoView.swift in Sources */,
				D060F4E328BB9DCE0018A10D /* WelcomeView.swift in Sources */,
				EC7ADED3285B1D9800F45B1A /* ThousandAlbumsApp.swift in Sources */,
				D0B1A8D728B5F7890009763D /* SearchViewModel.swift in Sources */,
				D0DAA36828B10C7F005D1420 /* Artist.swift in Sources */,
				D0DAA36328B10A7D005D1420 /* MainViewViewModel.swift in Sources */,
			);
			runOnlyForDeploymentPostprocessing = 0;
		};
/* End PBXSourcesBuildPhase section */

/* Begin PBXTargetDependency section */
		D0A66CF428BA4C1C000D7443 /* PBXTargetDependency */ = {
			isa = PBXTargetDependency;
			target = EC7ADECE285B1D9800F45B1A /* MusicHistory */;
			targetProxy = D0A66CF328BA4C1C000D7443 /* PBXContainerItemProxy */;
		};
/* End PBXTargetDependency section */

/* Begin PBXVariantGroup section */
		D0A66CE928BA419C000D7443 /* Localizable.strings */ = {
			isa = PBXVariantGroup;
			children = (
				D0A66CE828BA419C000D7443 /* en */,
				D0A66CEA28BA41AF000D7443 /* ru */,
			);
			name = Localizable.strings;
			sourceTree = "<group>";
		};
/* End PBXVariantGroup section */

/* Begin XCBuildConfiguration section */
		D0A66CF628BA4C1C000D7443 /* Debug */ = {
			isa = XCBuildConfiguration;
			buildSettings = {
				BUNDLE_LOADER = "$(TEST_HOST)";
				CODE_SIGN_STYLE = Automatic;
				CURRENT_PROJECT_VERSION = 1;
				DEVELOPMENT_TEAM = ZT525LAF69;
				GENERATE_INFOPLIST_FILE = YES;
				MARKETING_VERSION = 1.0;
				PRODUCT_BUNDLE_IDENTIFIER = com.gmail.gromovitaly.MusicHistoryTests;
				PRODUCT_NAME = "$(TARGET_NAME)";
				SWIFT_EMIT_LOC_STRINGS = NO;
				SWIFT_VERSION = 5.0;
				TARGETED_DEVICE_FAMILY = "1,2";
				TEST_HOST = "$(BUILT_PRODUCTS_DIR)/Music History.app/Music History";
			};
			name = Debug;
		};
		D0A66CF728BA4C1C000D7443 /* Release */ = {
			isa = XCBuildConfiguration;
			buildSettings = {
				BUNDLE_LOADER = "$(TEST_HOST)";
				CODE_SIGN_STYLE = Automatic;
				CURRENT_PROJECT_VERSION = 1;
				DEVELOPMENT_TEAM = ZT525LAF69;
				GENERATE_INFOPLIST_FILE = YES;
				MARKETING_VERSION = 1.0;
				PRODUCT_BUNDLE_IDENTIFIER = com.gmail.gromovitaly.MusicHistoryTests;
				PRODUCT_NAME = "$(TARGET_NAME)";
				SWIFT_EMIT_LOC_STRINGS = NO;
				SWIFT_OPTIMIZATION_LEVEL = "-O";
				SWIFT_VERSION = 5.0;
				TARGETED_DEVICE_FAMILY = "1,2";
				TEST_HOST = "$(BUILT_PRODUCTS_DIR)/Music History.app/Music History";
			};
			name = Release;
		};
		EC7ADEDB285B1D9900F45B1A /* Debug */ = {
			isa = XCBuildConfiguration;
			buildSettings = {
				ALWAYS_SEARCH_USER_PATHS = NO;
				CLANG_ANALYZER_LOCALIZABILITY_NONLOCALIZED = YES;
				CLANG_ANALYZER_NONNULL = YES;
				CLANG_ANALYZER_NUMBER_OBJECT_CONVERSION = YES_AGGRESSIVE;
				CLANG_CXX_LANGUAGE_STANDARD = "gnu++17";
				CLANG_ENABLE_MODULES = YES;
				CLANG_ENABLE_OBJC_ARC = YES;
				CLANG_ENABLE_OBJC_WEAK = YES;
				CLANG_WARN_BLOCK_CAPTURE_AUTORELEASING = YES;
				CLANG_WARN_BOOL_CONVERSION = YES;
				CLANG_WARN_COMMA = YES;
				CLANG_WARN_CONSTANT_CONVERSION = YES;
				CLANG_WARN_DEPRECATED_OBJC_IMPLEMENTATIONS = YES;
				CLANG_WARN_DIRECT_OBJC_ISA_USAGE = YES_ERROR;
				CLANG_WARN_DOCUMENTATION_COMMENTS = YES;
				CLANG_WARN_EMPTY_BODY = YES;
				CLANG_WARN_ENUM_CONVERSION = YES;
				CLANG_WARN_INFINITE_RECURSION = YES;
				CLANG_WARN_INT_CONVERSION = YES;
				CLANG_WARN_NON_LITERAL_NULL_CONVERSION = YES;
				CLANG_WARN_OBJC_IMPLICIT_RETAIN_SELF = YES;
				CLANG_WARN_OBJC_LITERAL_CONVERSION = YES;
				CLANG_WARN_OBJC_ROOT_CLASS = YES_ERROR;
				CLANG_WARN_QUOTED_INCLUDE_IN_FRAMEWORK_HEADER = YES;
				CLANG_WARN_RANGE_LOOP_ANALYSIS = YES;
				CLANG_WARN_STRICT_PROTOTYPES = YES;
				CLANG_WARN_SUSPICIOUS_MOVE = YES;
				CLANG_WARN_UNGUARDED_AVAILABILITY = YES_AGGRESSIVE;
				CLANG_WARN_UNREACHABLE_CODE = YES;
				CLANG_WARN__DUPLICATE_METHOD_MATCH = YES;
				COPY_PHASE_STRIP = NO;
				DEBUG_INFORMATION_FORMAT = dwarf;
				ENABLE_STRICT_OBJC_MSGSEND = YES;
				ENABLE_TESTABILITY = YES;
				GCC_C_LANGUAGE_STANDARD = gnu11;
				GCC_DYNAMIC_NO_PIC = NO;
				GCC_NO_COMMON_BLOCKS = YES;
				GCC_OPTIMIZATION_LEVEL = 0;
				GCC_PREPROCESSOR_DEFINITIONS = (
					"DEBUG=1",
					"$(inherited)",
				);
				GCC_WARN_64_TO_32_BIT_CONVERSION = YES;
				GCC_WARN_ABOUT_RETURN_TYPE = YES_ERROR;
				GCC_WARN_UNDECLARED_SELECTOR = YES;
				GCC_WARN_UNINITIALIZED_AUTOS = YES_AGGRESSIVE;
				GCC_WARN_UNUSED_FUNCTION = YES;
				GCC_WARN_UNUSED_VARIABLE = YES;
				IPHONEOS_DEPLOYMENT_TARGET = 15.5;
				MTL_ENABLE_DEBUG_INFO = INCLUDE_SOURCE;
				MTL_FAST_MATH = YES;
				ONLY_ACTIVE_ARCH = YES;
				SDKROOT = iphoneos;
				SWIFT_ACTIVE_COMPILATION_CONDITIONS = DEBUG;
				SWIFT_OPTIMIZATION_LEVEL = "-Onone";
			};
			name = Debug;
		};
		EC7ADEDC285B1D9900F45B1A /* Release */ = {
			isa = XCBuildConfiguration;
			buildSettings = {
				ALWAYS_SEARCH_USER_PATHS = NO;
				CLANG_ANALYZER_LOCALIZABILITY_NONLOCALIZED = YES;
				CLANG_ANALYZER_NONNULL = YES;
				CLANG_ANALYZER_NUMBER_OBJECT_CONVERSION = YES_AGGRESSIVE;
				CLANG_CXX_LANGUAGE_STANDARD = "gnu++17";
				CLANG_ENABLE_MODULES = YES;
				CLANG_ENABLE_OBJC_ARC = YES;
				CLANG_ENABLE_OBJC_WEAK = YES;
				CLANG_WARN_BLOCK_CAPTURE_AUTORELEASING = YES;
				CLANG_WARN_BOOL_CONVERSION = YES;
				CLANG_WARN_COMMA = YES;
				CLANG_WARN_CONSTANT_CONVERSION = YES;
				CLANG_WARN_DEPRECATED_OBJC_IMPLEMENTATIONS = YES;
				CLANG_WARN_DIRECT_OBJC_ISA_USAGE = YES_ERROR;
				CLANG_WARN_DOCUMENTATION_COMMENTS = YES;
				CLANG_WARN_EMPTY_BODY = YES;
				CLANG_WARN_ENUM_CONVERSION = YES;
				CLANG_WARN_INFINITE_RECURSION = YES;
				CLANG_WARN_INT_CONVERSION = YES;
				CLANG_WARN_NON_LITERAL_NULL_CONVERSION = YES;
				CLANG_WARN_OBJC_IMPLICIT_RETAIN_SELF = YES;
				CLANG_WARN_OBJC_LITERAL_CONVERSION = YES;
				CLANG_WARN_OBJC_ROOT_CLASS = YES_ERROR;
				CLANG_WARN_QUOTED_INCLUDE_IN_FRAMEWORK_HEADER = YES;
				CLANG_WARN_RANGE_LOOP_ANALYSIS = YES;
				CLANG_WARN_STRICT_PROTOTYPES = YES;
				CLANG_WARN_SUSPICIOUS_MOVE = YES;
				CLANG_WARN_UNGUARDED_AVAILABILITY = YES_AGGRESSIVE;
				CLANG_WARN_UNREACHABLE_CODE = YES;
				CLANG_WARN__DUPLICATE_METHOD_MATCH = YES;
				COPY_PHASE_STRIP = NO;
				DEBUG_INFORMATION_FORMAT = "dwarf-with-dsym";
				ENABLE_NS_ASSERTIONS = NO;
				ENABLE_STRICT_OBJC_MSGSEND = YES;
				GCC_C_LANGUAGE_STANDARD = gnu11;
				GCC_NO_COMMON_BLOCKS = YES;
				GCC_OPTIMIZATION_LEVEL = 0;
				GCC_WARN_64_TO_32_BIT_CONVERSION = YES;
				GCC_WARN_ABOUT_RETURN_TYPE = YES_ERROR;
				GCC_WARN_UNDECLARED_SELECTOR = YES;
				GCC_WARN_UNINITIALIZED_AUTOS = YES_AGGRESSIVE;
				GCC_WARN_UNUSED_FUNCTION = YES;
				GCC_WARN_UNUSED_VARIABLE = YES;
				IPHONEOS_DEPLOYMENT_TARGET = 15.5;
				MTL_ENABLE_DEBUG_INFO = NO;
				MTL_FAST_MATH = YES;
				SDKROOT = iphoneos;
				SWIFT_COMPILATION_MODE = wholemodule;
				SWIFT_OPTIMIZATION_LEVEL = "-Onone";
				VALIDATE_PRODUCT = YES;
			};
			name = Release;
		};
		EC7ADEDE285B1D9900F45B1A /* Debug */ = {
			isa = XCBuildConfiguration;
			buildSettings = {
				ASSETCATALOG_COMPILER_APPICON_NAME = "AppIcon-2";
				ASSETCATALOG_COMPILER_GLOBAL_ACCENT_COLOR_NAME = AccentColor;
				ASSETCATALOG_COMPILER_INCLUDE_ALL_APPICON_ASSETS = YES;
				CODE_SIGN_ENTITLEMENTS = MusicHistory/MusicHistory.entitlements;
				CODE_SIGN_STYLE = Automatic;
				CURRENT_PROJECT_VERSION = 4;
				DEVELOPMENT_ASSET_PATHS = "";
				DEVELOPMENT_TEAM = ZT525LAF69;
				ENABLE_PREVIEWS = YES;
				GENERATE_INFOPLIST_FILE = YES;
				INFOPLIST_FILE = "";
				INFOPLIST_KEY_LSApplicationCategoryType = "public.app-category.entertainment";
				INFOPLIST_KEY_UIApplicationSceneManifest_Generation = YES;
				INFOPLIST_KEY_UIApplicationSupportsIndirectInputEvents = YES;
				INFOPLIST_KEY_UILaunchScreen_Generation = YES;
				INFOPLIST_KEY_UIRequiresFullScreen = YES;
				INFOPLIST_KEY_UISupportedInterfaceOrientations = "UIInterfaceOrientationPortrait UIInterfaceOrientationLandscapeLeft UIInterfaceOrientationLandscapeRight";
				INFOPLIST_KEY_UISupportedInterfaceOrientations_iPad = "";
				INFOPLIST_KEY_UISupportedInterfaceOrientations_iPhone = "UIInterfaceOrientationPortrait UIInterfaceOrientationLandscapeLeft UIInterfaceOrientationLandscapeRight";
				IPHONEOS_DEPLOYMENT_TARGET = 15.5;
				LD_RUNPATH_SEARCH_PATHS = (
					"$(inherited)",
					"@executable_path/Frameworks",
				);
				MARKETING_VERSION = 1.0;
				PRODUCT_BUNDLE_IDENTIFIER = com.gmail.gromovitaly.MusicHistory;
				PRODUCT_NAME = "Music History";
				SUPPORTS_MACCATALYST = YES;
				SWIFT_EMIT_LOC_STRINGS = YES;
				SWIFT_VERSION = 5.0;
				TARGETED_DEVICE_FAMILY = "1,2";
			};
			name = Debug;
		};
		EC7ADEDF285B1D9900F45B1A /* Release */ = {
			isa = XCBuildConfiguration;
			buildSettings = {
				ASSETCATALOG_COMPILER_APPICON_NAME = "AppIcon-2";
				ASSETCATALOG_COMPILER_GLOBAL_ACCENT_COLOR_NAME = AccentColor;
				ASSETCATALOG_COMPILER_INCLUDE_ALL_APPICON_ASSETS = YES;
				CODE_SIGN_ENTITLEMENTS = MusicHistory/MusicHistory.entitlements;
				CODE_SIGN_STYLE = Automatic;
				CURRENT_PROJECT_VERSION = 4;
				DEVELOPMENT_ASSET_PATHS = "";
				DEVELOPMENT_TEAM = ZT525LAF69;
				ENABLE_PREVIEWS = YES;
				GENERATE_INFOPLIST_FILE = YES;
				INFOPLIST_FILE = "";
				INFOPLIST_KEY_LSApplicationCategoryType = "public.app-category.entertainment";
				INFOPLIST_KEY_UIApplicationSceneManifest_Generation = YES;
				INFOPLIST_KEY_UIApplicationSupportsIndirectInputEvents = YES;
				INFOPLIST_KEY_UILaunchScreen_Generation = YES;
				INFOPLIST_KEY_UIRequiresFullScreen = YES;
				INFOPLIST_KEY_UISupportedInterfaceOrientations = "UIInterfaceOrientationPortrait UIInterfaceOrientationLandscapeLeft UIInterfaceOrientationLandscapeRight";
				INFOPLIST_KEY_UISupportedInterfaceOrientations_iPad = "";
				INFOPLIST_KEY_UISupportedInterfaceOrientations_iPhone = "UIInterfaceOrientationPortrait UIInterfaceOrientationLandscapeLeft UIInterfaceOrientationLandscapeRight";
				IPHONEOS_DEPLOYMENT_TARGET = 15.5;
				LD_RUNPATH_SEARCH_PATHS = (
					"$(inherited)",
					"@executable_path/Frameworks",
				);
				MARKETING_VERSION = 1.0;
				PRODUCT_BUNDLE_IDENTIFIER = com.gmail.gromovitaly.MusicHistory;
				PRODUCT_NAME = "Music History";
				SUPPORTS_MACCATALYST = YES;
				SWIFT_EMIT_LOC_STRINGS = YES;
				SWIFT_VERSION = 5.0;
				TARGETED_DEVICE_FAMILY = "1,2";
			};
			name = Release;
		};
/* End XCBuildConfiguration section */

/* Begin XCConfigurationList section */
		D0A66CF528BA4C1C000D7443 /* Build configuration list for PBXNativeTarget "MusicHistoryTests" */ = {
			isa = XCConfigurationList;
			buildConfigurations = (
				D0A66CF628BA4C1C000D7443 /* Debug */,
				D0A66CF728BA4C1C000D7443 /* Release */,
			);
			defaultConfigurationIsVisible = 0;
			defaultConfigurationName = Release;
		};
		EC7ADECA285B1D9800F45B1A /* Build configuration list for PBXProject "MusicHistory" */ = {
			isa = XCConfigurationList;
			buildConfigurations = (
				EC7ADEDB285B1D9900F45B1A /* Debug */,
				EC7ADEDC285B1D9900F45B1A /* Release */,
			);
			defaultConfigurationIsVisible = 0;
			defaultConfigurationName = Release;
		};
		EC7ADEDD285B1D9900F45B1A /* Build configuration list for PBXNativeTarget "MusicHistory" */ = {
			isa = XCConfigurationList;
			buildConfigurations = (
				EC7ADEDE285B1D9900F45B1A /* Debug */,
				EC7ADEDF285B1D9900F45B1A /* Release */,
			);
			defaultConfigurationIsVisible = 0;
			defaultConfigurationName = Release;
		};
/* End XCConfigurationList section */
	};
	rootObject = EC7ADEC7285B1D9800F45B1A /* Project object */;
}
