// !$*UTF8*$!
{
	archiveVersion = 1;
	classes = {
	};
	objectVersion = 55;
	objects = {

/* Begin PBXBuildFile section */
		D00D5703287A046100FEA948 /* JsonDecode.swift in Sources */ = {isa = PBXBuildFile; fileRef = D00D5702287A046100FEA948 /* JsonDecode.swift */; };
		D00D5709287A117F00FEA948 /* sinatra1.json in Resources */ = {isa = PBXBuildFile; fileRef = D00D5708287A117F00FEA948 /* sinatra1.json */; };
		D00D570B287A1CBB00FEA948 /* ItunesParser.swift in Sources */ = {isa = PBXBuildFile; fileRef = D00D570A287A1CBB00FEA948 /* ItunesParser.swift */; };
		D00D570F287A2F8F00FEA948 /* WriteFileToPath.swift in Sources */ = {isa = PBXBuildFile; fileRef = D00D570E287A2F8F00FEA948 /* WriteFileToPath.swift */; };
		D076696B2879825B00631D79 /* ThousandListView.swift in Sources */ = {isa = PBXBuildFile; fileRef = D076696A2879825B00631D79 /* ThousandListView.swift */; };
		D0853F70287D5E910079BC38 /* JsonToJson.swift in Sources */ = {isa = PBXBuildFile; fileRef = D0853F6F287D5E910079BC38 /* JsonToJson.swift */; };
		D0853F72287D7CA00079BC38 /* Classic1001Object.json in Resources */ = {isa = PBXBuildFile; fileRef = D0853F71287D7CA00079BC38 /* Classic1001Object.json */; };
		D0CA3E7D2878483000B735B6 /* Dirty1001Object.json in Resources */ = {isa = PBXBuildFile; fileRef = D0CA3E7C2878483000B735B6 /* Dirty1001Object.json */; };
		D0CA3E7F2878486100B735B6 /* JSONViewModel.swift in Sources */ = {isa = PBXBuildFile; fileRef = D0CA3E7E2878486100B735B6 /* JSONViewModel.swift */; };
		EC424B78285B2A920092B071 /* README.md in Resources */ = {isa = PBXBuildFile; fileRef = EC424B77285B2A920092B071 /* README.md */; };
		EC7ADED3285B1D9800F45B1A /* ThousandAlbumsApp.swift in Sources */ = {isa = PBXBuildFile; fileRef = EC7ADED2285B1D9800F45B1A /* ThousandAlbumsApp.swift */; };
		EC7ADED7285B1D9900F45B1A /* Assets.xcassets in Resources */ = {isa = PBXBuildFile; fileRef = EC7ADED6285B1D9900F45B1A /* Assets.xcassets */; };
		EC7ADEDA285B1D9900F45B1A /* Preview Assets.xcassets in Resources */ = {isa = PBXBuildFile; fileRef = EC7ADED9285B1D9900F45B1A /* Preview Assets.xcassets */; };
/* End PBXBuildFile section */

/* Begin PBXFileReference section */
		D00D5702287A046100FEA948 /* JsonDecode.swift */ = {isa = PBXFileReference; lastKnownFileType = sourcecode.swift; path = JsonDecode.swift; sourceTree = "<group>"; };
		D00D5708287A117F00FEA948 /* sinatra1.json */ = {isa = PBXFileReference; lastKnownFileType = text.json; path = sinatra1.json; sourceTree = "<group>"; };
		D00D570A287A1CBB00FEA948 /* ItunesParser.swift */ = {isa = PBXFileReference; lastKnownFileType = sourcecode.swift; path = ItunesParser.swift; sourceTree = "<group>"; };
		D00D570E287A2F8F00FEA948 /* WriteFileToPath.swift */ = {isa = PBXFileReference; lastKnownFileType = sourcecode.swift; path = WriteFileToPath.swift; sourceTree = "<group>"; };
		D076696A2879825B00631D79 /* ThousandListView.swift */ = {isa = PBXFileReference; lastKnownFileType = sourcecode.swift; path = ThousandListView.swift; sourceTree = "<group>"; };
		D0853F6F287D5E910079BC38 /* JsonToJson.swift */ = {isa = PBXFileReference; lastKnownFileType = sourcecode.swift; path = JsonToJson.swift; sourceTree = "<group>"; };
		D0853F71287D7CA00079BC38 /* Classic1001Object.json */ = {isa = PBXFileReference; fileEncoding = 4; lastKnownFileType = text.json; path = Classic1001Object.json; sourceTree = "<group>"; };
		D0CA3E7C2878483000B735B6 /* Dirty1001Object.json */ = {isa = PBXFileReference; fileEncoding = 4; lastKnownFileType = text.json; path = Dirty1001Object.json; sourceTree = "<group>"; };
		D0CA3E7E2878486100B735B6 /* JSONViewModel.swift */ = {isa = PBXFileReference; lastKnownFileType = sourcecode.swift; path = JSONViewModel.swift; sourceTree = "<group>"; };
		D0CA3E8228789E9600B735B6 /* MyPlayground.playground */ = {isa = PBXFileReference; lastKnownFileType = file.playground; path = MyPlayground.playground; sourceTree = "<group>"; xcLanguageSpecificationIdentifier = xcode.lang.swift; };
		EC424B77285B2A920092B071 /* README.md */ = {isa = PBXFileReference; fileEncoding = 4; lastKnownFileType = net.daringfireball.markdown; path = README.md; sourceTree = "<group>"; };
		EC7ADECF285B1D9800F45B1A /* 1001 Albums.app */ = {isa = PBXFileReference; explicitFileType = wrapper.application; includeInIndex = 0; path = "1001 Albums.app"; sourceTree = BUILT_PRODUCTS_DIR; };
		EC7ADED2285B1D9800F45B1A /* ThousandAlbumsApp.swift */ = {isa = PBXFileReference; lastKnownFileType = sourcecode.swift; path = ThousandAlbumsApp.swift; sourceTree = "<group>"; };
		EC7ADED6285B1D9900F45B1A /* Assets.xcassets */ = {isa = PBXFileReference; lastKnownFileType = folder.assetcatalog; path = Assets.xcassets; sourceTree = "<group>"; };
		EC7ADED9285B1D9900F45B1A /* Preview Assets.xcassets */ = {isa = PBXFileReference; lastKnownFileType = folder.assetcatalog; path = "Preview Assets.xcassets"; sourceTree = "<group>"; };
/* End PBXFileReference section */

/* Begin PBXFrameworksBuildPhase section */
		EC7ADECC285B1D9800F45B1A /* Frameworks */ = {
			isa = PBXFrameworksBuildPhase;
			buildActionMask = 2147483647;
			files = (
			);
			runOnlyForDeploymentPostprocessing = 0;
		};
/* End PBXFrameworksBuildPhase section */

/* Begin PBXGroup section */
		D00D5701287A044500FEA948 /* Utilities */ = {
			isa = PBXGroup;
			children = (
				D00D5702287A046100FEA948 /* JsonDecode.swift */,
				D00D570A287A1CBB00FEA948 /* ItunesParser.swift */,
				D00D570E287A2F8F00FEA948 /* WriteFileToPath.swift */,
				D0853F6F287D5E910079BC38 /* JsonToJson.swift */,
			);
			path = Utilities;
			sourceTree = "<group>";
		};
		D0CA3E8528797F9800B735B6 /* ViewModel */ = {
			isa = PBXGroup;
			children = (
				D0CA3E7E2878486100B735B6 /* JSONViewModel.swift */,
			);
			path = ViewModel;
			sourceTree = "<group>";
		};
		D0CA3E8628797FBA00B735B6 /* View */ = {
			isa = PBXGroup;
			children = (
				D076696A2879825B00631D79 /* ThousandListView.swift */,
			);
			path = View;
			sourceTree = "<group>";
		};
		D0CA3E8728797FC600B735B6 /* JSON */ = {
			isa = PBXGroup;
			children = (
				D0CA3E7C2878483000B735B6 /* Dirty1001Object.json */,
				D0853F71287D7CA00079BC38 /* Classic1001Object.json */,
				D00D5708287A117F00FEA948 /* sinatra1.json */,
			);
			path = JSON;
			sourceTree = "<group>";
		};
		EC7ADEC6285B1D9800F45B1A = {
			isa = PBXGroup;
			children = (
				EC424B77285B2A920092B071 /* README.md */,
				EC7ADED1285B1D9800F45B1A /* 1001 Albums */,
				EC7ADED0285B1D9800F45B1A /* Products */,
			);
			sourceTree = "<group>";
		};
		EC7ADED0285B1D9800F45B1A /* Products */ = {
			isa = PBXGroup;
			children = (
				EC7ADECF285B1D9800F45B1A /* 1001 Albums.app */,
			);
			name = Products;
			sourceTree = "<group>";
		};
		EC7ADED1285B1D9800F45B1A /* 1001 Albums */ = {
			isa = PBXGroup;
			children = (
				EC7ADED2285B1D9800F45B1A /* ThousandAlbumsApp.swift */,
				D0CA3E8528797F9800B735B6 /* ViewModel */,
				D0CA3E8628797FBA00B735B6 /* View */,
				D0CA3E8728797FC600B735B6 /* JSON */,
				D00D5701287A044500FEA948 /* Utilities */,
				D0CA3E8228789E9600B735B6 /* MyPlayground.playground */,
				EC7ADED6285B1D9900F45B1A /* Assets.xcassets */,
				EC7ADED8285B1D9900F45B1A /* Preview Content */,
			);
			path = "1001 Albums";
			sourceTree = "<group>";
		};
		EC7ADED8285B1D9900F45B1A /* Preview Content */ = {
			isa = PBXGroup;
			children = (
				EC7ADED9285B1D9900F45B1A /* Preview Assets.xcassets */,
			);
			path = "Preview Content";
			sourceTree = "<group>";
		};
/* End PBXGroup section */

/* Begin PBXNativeTarget section */
		EC7ADECE285B1D9800F45B1A /* 1001 Albums */ = {
			isa = PBXNativeTarget;
			buildConfigurationList = EC7ADEDD285B1D9900F45B1A /* Build configuration list for PBXNativeTarget "1001 Albums" */;
			buildPhases = (
				EC7ADECB285B1D9800F45B1A /* Sources */,
				EC7ADECC285B1D9800F45B1A /* Frameworks */,
				EC7ADECD285B1D9800F45B1A /* Resources */,
			);
			buildRules = (
			);
			dependencies = (
			);
			name = "1001 Albums";
			productName = "1001 Albums";
			productReference = EC7ADECF285B1D9800F45B1A /* 1001 Albums.app */;
			productType = "com.apple.product-type.application";
		};
/* End PBXNativeTarget section */

/* Begin PBXProject section */
		EC7ADEC7285B1D9800F45B1A /* Project object */ = {
			isa = PBXProject;
			attributes = {
				BuildIndependentTargetsInParallel = 1;
				LastSwiftUpdateCheck = 1400;
				LastUpgradeCheck = 1400;
				TargetAttributes = {
					EC7ADECE285B1D9800F45B1A = {
						CreatedOnToolsVersion = 14.0;
					};
				};
			};
			buildConfigurationList = EC7ADECA285B1D9800F45B1A /* Build configuration list for PBXProject "1001 Albums" */;
			compatibilityVersion = "Xcode 13.0";
			developmentRegion = en;
			hasScannedForEncodings = 0;
			knownRegions = (
				en,
				Base,
			);
			mainGroup = EC7ADEC6285B1D9800F45B1A;
			productRefGroup = EC7ADED0285B1D9800F45B1A /* Products */;
			projectDirPath = "";
			projectRoot = "";
			targets = (
				EC7ADECE285B1D9800F45B1A /* 1001 Albums */,
			);
		};
/* End PBXProject section */

/* Begin PBXResourcesBuildPhase section */
		EC7ADECD285B1D9800F45B1A /* Resources */ = {
			isa = PBXResourcesBuildPhase;
			buildActionMask = 2147483647;
			files = (
				D0853F72287D7CA00079BC38 /* Classic1001Object.json in Resources */,
				EC424B78285B2A920092B071 /* README.md in Resources */,
				EC7ADEDA285B1D9900F45B1A /* Preview Assets.xcassets in Resources */,
				D00D5709287A117F00FEA948 /* sinatra1.json in Resources */,
				EC7ADED7285B1D9900F45B1A /* Assets.xcassets in Resources */,
				D0CA3E7D2878483000B735B6 /* Dirty1001Object.json in Resources */,
			);
			runOnlyForDeploymentPostprocessing = 0;
		};
/* End PBXResourcesBuildPhase section */

/* Begin PBXSourcesBuildPhase section */
		EC7ADECB285B1D9800F45B1A /* Sources */ = {
			isa = PBXSourcesBuildPhase;
			buildActionMask = 2147483647;
			files = (
				D00D570B287A1CBB00FEA948 /* ItunesParser.swift in Sources */,
				D0CA3E7F2878486100B735B6 /* JSONViewModel.swift in Sources */,
				D076696B2879825B00631D79 /* ThousandListView.swift in Sources */,
				D00D570F287A2F8F00FEA948 /* WriteFileToPath.swift in Sources */,
				EC7ADED3285B1D9800F45B1A /* ThousandAlbumsApp.swift in Sources */,
				D00D5703287A046100FEA948 /* JsonDecode.swift in Sources */,
				D0853F70287D5E910079BC38 /* JsonToJson.swift in Sources */,
			);
			runOnlyForDeploymentPostprocessing = 0;
		};
/* End PBXSourcesBuildPhase section */

/* Begin XCBuildConfiguration section */
		EC7ADEDB285B1D9900F45B1A /* Debug */ = {
			isa = XCBuildConfiguration;
			buildSettings = {
				ALWAYS_SEARCH_USER_PATHS = NO;
				CLANG_ANALYZER_NONNULL = YES;
				CLANG_ANALYZER_NUMBER_OBJECT_CONVERSION = YES_AGGRESSIVE;
				CLANG_CXX_LANGUAGE_STANDARD = "gnu++17";
				CLANG_ENABLE_MODULES = YES;
				CLANG_ENABLE_OBJC_ARC = YES;
				CLANG_ENABLE_OBJC_WEAK = YES;
				CLANG_WARN_BLOCK_CAPTURE_AUTORELEASING = YES;
				CLANG_WARN_BOOL_CONVERSION = YES;
				CLANG_WARN_COMMA = YES;
				CLANG_WARN_CONSTANT_CONVERSION = YES;
				CLANG_WARN_DEPRECATED_OBJC_IMPLEMENTATIONS = YES;
				CLANG_WARN_DIRECT_OBJC_ISA_USAGE = YES_ERROR;
				CLANG_WARN_DOCUMENTATION_COMMENTS = YES;
				CLANG_WARN_EMPTY_BODY = YES;
				CLANG_WARN_ENUM_CONVERSION = YES;
				CLANG_WARN_INFINITE_RECURSION = YES;
				CLANG_WARN_INT_CONVERSION = YES;
				CLANG_WARN_NON_LITERAL_NULL_CONVERSION = YES;
				CLANG_WARN_OBJC_IMPLICIT_RETAIN_SELF = YES;
				CLANG_WARN_OBJC_LITERAL_CONVERSION = YES;
				CLANG_WARN_OBJC_ROOT_CLASS = YES_ERROR;
				CLANG_WARN_QUOTED_INCLUDE_IN_FRAMEWORK_HEADER = YES;
				CLANG_WARN_RANGE_LOOP_ANALYSIS = YES;
				CLANG_WARN_STRICT_PROTOTYPES = YES;
				CLANG_WARN_SUSPICIOUS_MOVE = YES;
				CLANG_WARN_UNGUARDED_AVAILABILITY = YES_AGGRESSIVE;
				CLANG_WARN_UNREACHABLE_CODE = YES;
				CLANG_WARN__DUPLICATE_METHOD_MATCH = YES;
				COPY_PHASE_STRIP = NO;
				DEBUG_INFORMATION_FORMAT = dwarf;
				ENABLE_STRICT_OBJC_MSGSEND = YES;
				ENABLE_TESTABILITY = YES;
				GCC_C_LANGUAGE_STANDARD = gnu11;
				GCC_DYNAMIC_NO_PIC = NO;
				GCC_NO_COMMON_BLOCKS = YES;
				GCC_OPTIMIZATION_LEVEL = 0;
				GCC_PREPROCESSOR_DEFINITIONS = (
					"DEBUG=1",
					"$(inherited)",
				);
				GCC_WARN_64_TO_32_BIT_CONVERSION = YES;
				GCC_WARN_ABOUT_RETURN_TYPE = YES_ERROR;
				GCC_WARN_UNDECLARED_SELECTOR = YES;
				GCC_WARN_UNINITIALIZED_AUTOS = YES_AGGRESSIVE;
				GCC_WARN_UNUSED_FUNCTION = YES;
				GCC_WARN_UNUSED_VARIABLE = YES;
				IPHONEOS_DEPLOYMENT_TARGET = 16.0;
				MTL_ENABLE_DEBUG_INFO = INCLUDE_SOURCE;
				MTL_FAST_MATH = YES;
				ONLY_ACTIVE_ARCH = YES;
				SDKROOT = iphoneos;
				SWIFT_ACTIVE_COMPILATION_CONDITIONS = DEBUG;
				SWIFT_OPTIMIZATION_LEVEL = "-Onone";
			};
			name = Debug;
		};
		EC7ADEDC285B1D9900F45B1A /* Release */ = {
			isa = XCBuildConfiguration;
			buildSettings = {
				ALWAYS_SEARCH_USER_PATHS = NO;
				CLANG_ANALYZER_NONNULL = YES;
				CLANG_ANALYZER_NUMBER_OBJECT_CONVERSION = YES_AGGRESSIVE;
				CLANG_CXX_LANGUAGE_STANDARD = "gnu++17";
				CLANG_ENABLE_MODULES = YES;
				CLANG_ENABLE_OBJC_ARC = YES;
				CLANG_ENABLE_OBJC_WEAK = YES;
				CLANG_WARN_BLOCK_CAPTURE_AUTORELEASING = YES;
				CLANG_WARN_BOOL_CONVERSION = YES;
				CLANG_WARN_COMMA = YES;
				CLANG_WARN_CONSTANT_CONVERSION = YES;
				CLANG_WARN_DEPRECATED_OBJC_IMPLEMENTATIONS = YES;
				CLANG_WARN_DIRECT_OBJC_ISA_USAGE = YES_ERROR;
				CLANG_WARN_DOCUMENTATION_COMMENTS = YES;
				CLANG_WARN_EMPTY_BODY = YES;
				CLANG_WARN_ENUM_CONVERSION = YES;
				CLANG_WARN_INFINITE_RECURSION = YES;
				CLANG_WARN_INT_CONVERSION = YES;
				CLANG_WARN_NON_LITERAL_NULL_CONVERSION = YES;
				CLANG_WARN_OBJC_IMPLICIT_RETAIN_SELF = YES;
				CLANG_WARN_OBJC_LITERAL_CONVERSION = YES;
				CLANG_WARN_OBJC_ROOT_CLASS = YES_ERROR;
				CLANG_WARN_QUOTED_INCLUDE_IN_FRAMEWORK_HEADER = YES;
				CLANG_WARN_RANGE_LOOP_ANALYSIS = YES;
				CLANG_WARN_STRICT_PROTOTYPES = YES;
				CLANG_WARN_SUSPICIOUS_MOVE = YES;
				CLANG_WARN_UNGUARDED_AVAILABILITY = YES_AGGRESSIVE;
				CLANG_WARN_UNREACHABLE_CODE = YES;
				CLANG_WARN__DUPLICATE_METHOD_MATCH = YES;
				COPY_PHASE_STRIP = NO;
				DEBUG_INFORMATION_FORMAT = "dwarf-with-dsym";
				ENABLE_NS_ASSERTIONS = NO;
				ENABLE_STRICT_OBJC_MSGSEND = YES;
				GCC_C_LANGUAGE_STANDARD = gnu11;
				GCC_NO_COMMON_BLOCKS = YES;
				GCC_WARN_64_TO_32_BIT_CONVERSION = YES;
				GCC_WARN_ABOUT_RETURN_TYPE = YES_ERROR;
				GCC_WARN_UNDECLARED_SELECTOR = YES;
				GCC_WARN_UNINITIALIZED_AUTOS = YES_AGGRESSIVE;
				GCC_WARN_UNUSED_FUNCTION = YES;
				GCC_WARN_UNUSED_VARIABLE = YES;
				IPHONEOS_DEPLOYMENT_TARGET = 16.0;
				MTL_ENABLE_DEBUG_INFO = NO;
				MTL_FAST_MATH = YES;
				SDKROOT = iphoneos;
				SWIFT_COMPILATION_MODE = wholemodule;
				SWIFT_OPTIMIZATION_LEVEL = "-O";
				VALIDATE_PRODUCT = YES;
			};
			name = Release;
		};
		EC7ADEDE285B1D9900F45B1A /* Debug */ = {
			isa = XCBuildConfiguration;
			buildSettings = {
				ASSETCATALOG_COMPILER_APPICON_NAME = AppIcon;
				ASSETCATALOG_COMPILER_GLOBAL_ACCENT_COLOR_NAME = AccentColor;
				ASSETCATALOG_COMPILER_INCLUDE_ALL_APPICON_ASSETS = NO;
				CODE_SIGN_STYLE = Automatic;
				CURRENT_PROJECT_VERSION = 1;
				DEVELOPMENT_ASSET_PATHS = "\"1001 Albums/Preview Content\"";
				DEVELOPMENT_TEAM = ZT525LAF69;
				ENABLE_PREVIEWS = YES;
				GENERATE_INFOPLIST_FILE = YES;
				INFOPLIST_KEY_UIApplicationSceneManifest_Generation = YES;
				INFOPLIST_KEY_UIApplicationSupportsIndirectInputEvents = YES;
				INFOPLIST_KEY_UILaunchScreen_Generation = YES;
				INFOPLIST_KEY_UISupportedInterfaceOrientations_iPad = "UIInterfaceOrientationPortrait UIInterfaceOrientationPortraitUpsideDown UIInterfaceOrientationLandscapeLeft UIInterfaceOrientationLandscapeRight";
				INFOPLIST_KEY_UISupportedInterfaceOrientations_iPhone = "UIInterfaceOrientationPortrait UIInterfaceOrientationLandscapeLeft UIInterfaceOrientationLandscapeRight";
				IPHONEOS_DEPLOYMENT_TARGET = 15.5;
				LD_RUNPATH_SEARCH_PATHS = (
					"$(inherited)",
					"@executable_path/Frameworks",
				);
				MARKETING_VERSION = 1.0;
				PRODUCT_BUNDLE_IDENTIFIER = "com.gmail.gromovitaly.-001-Albums";
				PRODUCT_NAME = "$(TARGET_NAME)";
				SWIFT_EMIT_LOC_STRINGS = YES;
				SWIFT_VERSION = 5.0;
				TARGETED_DEVICE_FAMILY = 1;
			};
			name = Debug;
		};
		EC7ADEDF285B1D9900F45B1A /* Release */ = {
			isa = XCBuildConfiguration;
			buildSettings = {
				ASSETCATALOG_COMPILER_APPICON_NAME = AppIcon;
				ASSETCATALOG_COMPILER_GLOBAL_ACCENT_COLOR_NAME = AccentColor;
				ASSETCATALOG_COMPILER_INCLUDE_ALL_APPICON_ASSETS = NO;
				CODE_SIGN_STYLE = Automatic;
				CURRENT_PROJECT_VERSION = 1;
				DEVELOPMENT_ASSET_PATHS = "\"1001 Albums/Preview Content\"";
				DEVELOPMENT_TEAM = ZT525LAF69;
				ENABLE_PREVIEWS = YES;
				GENERATE_INFOPLIST_FILE = YES;
				INFOPLIST_KEY_UIApplicationSceneManifest_Generation = YES;
				INFOPLIST_KEY_UIApplicationSupportsIndirectInputEvents = YES;
				INFOPLIST_KEY_UILaunchScreen_Generation = YES;
				INFOPLIST_KEY_UISupportedInterfaceOrientations_iPad = "UIInterfaceOrientationPortrait UIInterfaceOrientationPortraitUpsideDown UIInterfaceOrientationLandscapeLeft UIInterfaceOrientationLandscapeRight";
				INFOPLIST_KEY_UISupportedInterfaceOrientations_iPhone = "UIInterfaceOrientationPortrait UIInterfaceOrientationLandscapeLeft UIInterfaceOrientationLandscapeRight";
				IPHONEOS_DEPLOYMENT_TARGET = 15.5;
				LD_RUNPATH_SEARCH_PATHS = (
					"$(inherited)",
					"@executable_path/Frameworks",
				);
				MARKETING_VERSION = 1.0;
				PRODUCT_BUNDLE_IDENTIFIER = "com.gmail.gromovitaly.-001-Albums";
				PRODUCT_NAME = "$(TARGET_NAME)";
				SWIFT_EMIT_LOC_STRINGS = YES;
				SWIFT_VERSION = 5.0;
				TARGETED_DEVICE_FAMILY = 1;
			};
			name = Release;
		};
/* End XCBuildConfiguration section */

/* Begin XCConfigurationList section */
		EC7ADECA285B1D9800F45B1A /* Build configuration list for PBXProject "1001 Albums" */ = {
			isa = XCConfigurationList;
			buildConfigurations = (
				EC7ADEDB285B1D9900F45B1A /* Debug */,
				EC7ADEDC285B1D9900F45B1A /* Release */,
			);
			defaultConfigurationIsVisible = 0;
			defaultConfigurationName = Release;
		};
		EC7ADEDD285B1D9900F45B1A /* Build configuration list for PBXNativeTarget "1001 Albums" */ = {
			isa = XCConfigurationList;
			buildConfigurations = (
				EC7ADEDE285B1D9900F45B1A /* Debug */,
				EC7ADEDF285B1D9900F45B1A /* Release */,
			);
			defaultConfigurationIsVisible = 0;
			defaultConfigurationName = Release;
		};
/* End XCConfigurationList section */
	};
	rootObject = EC7ADEC7285B1D9800F45B1A /* Project object */;
}
